PODS:
  - AFNetworking (3.2.1):
    - AFNetworking/NSURLSession (= 3.2.1)
    - AFNetworking/Reachability (= 3.2.1)
    - AFNetworking/Security (= 3.2.1)
    - AFNetworking/Serialization (= 3.2.1)
    - AFNetworking/UIKit (= 3.2.1)
  - AFNetworking/NSURLSession (3.2.1):
    - AFNetworking/Reachability
    - AFNetworking/Security
    - AFNetworking/Serialization
  - AFNetworking/Reachability (3.2.1)
  - AFNetworking/Security (3.2.1)
  - AFNetworking/Serialization (3.2.1)
  - AFNetworking/UIKit (3.2.1):
    - AFNetworking/NSURLSession
  - Alamofire (5.7.1)
  - AWSCognito (2.19.1):
    - AWSCore (= 2.19.1)
  - AWSCore (2.19.1)
  - AWSS3 (2.19.1):
    - AWSCore (= 2.19.1)
  - Crashlytics (3.14.0):
    - Fabric (~> 1.10.2)
  - DropDown (2.3.13)
  - Fabric (1.10.2)
  - Firebase/Analytics (8.15.0):
    - Firebase/Core
  - Firebase/Core (8.15.0):
    - Firebase/CoreOnly
    - FirebaseAnalytics (~> 8.15.0)
  - Firebase/CoreOnly (8.15.0):
    - FirebaseCore (= 8.15.0)
  - Firebase/Messaging (8.15.0):
    - Firebase/CoreOnly
    - FirebaseMessaging (~> 8.15.0)
  - FirebaseAnalytics (8.15.0):
    - FirebaseAnalytics/AdIdSupport (= 8.15.0)
    - FirebaseCore (~> 8.0)
    - FirebaseInstallations (~> 8.0)
    - GoogleUtilities/AppDelegateSwizzler (~> 7.7)
    - GoogleUtilities/MethodSwizzler (~> 7.7)
    - GoogleUtilities/Network (~> 7.7)
    - "GoogleUtilities/NSData+zlib (~> 7.7)"
    - nanopb (~> 2.30908.0)
  - FirebaseAnalytics/AdIdSupport (8.15.0):
    - FirebaseCore (~> 8.0)
    - FirebaseInstallations (~> 8.0)
    - GoogleAppMeasurement (= 8.15.0)
    - GoogleUtilities/AppDelegateSwizzler (~> 7.7)
    - GoogleUtilities/MethodSwizzler (~> 7.7)
    - GoogleUtilities/Network (~> 7.7)
    - "GoogleUtilities/NSData+zlib (~> 7.7)"
    - nanopb (~> 2.30908.0)
  - FirebaseCore (8.15.0):
    - FirebaseCoreDiagnostics (~> 8.0)
    - GoogleUtilities/Environment (~> 7.7)
    - GoogleUtilities/Logger (~> 7.7)
  - FirebaseCoreDiagnostics (8.15.0):
    - GoogleDataTransport (~> 9.1)
    - GoogleUtilities/Environment (~> 7.7)
    - GoogleUtilities/Logger (~> 7.7)
    - nanopb (~> 2.30908.0)
  - FirebaseCoreInternal (10.9.0):
    - "GoogleUtilities/NSData+zlib (~> 7.8)"
  - FirebaseInstallations (8.15.0):
    - FirebaseCore (~> 8.0)
    - GoogleUtilities/Environment (~> 7.7)
    - GoogleUtilities/UserDefaults (~> 7.7)
    - PromisesObjC (< 3.0, >= 1.2)
  - FirebaseMessaging (8.15.0):
    - FirebaseCore (~> 8.0)
    - FirebaseInstallations (~> 8.0)
    - GoogleDataTransport (~> 9.1)
    - GoogleUtilities/AppDelegateSwizzler (~> 7.7)
    - GoogleUtilities/Environment (~> 7.7)
    - GoogleUtilities/Reachability (~> 7.7)
    - GoogleUtilities/UserDefaults (~> 7.7)
    - nanopb (~> 2.30908.0)
  - FMDB (2.7.5):
    - FMDB/standard (= 2.7.5)
  - FMDB/standard (2.7.5)
  - GoogleAppMeasurement (8.15.0):
    - GoogleAppMeasurement/AdIdSupport (= 8.15.0)
    - GoogleUtilities/AppDelegateSwizzler (~> 7.7)
    - GoogleUtilities/MethodSwizzler (~> 7.7)
    - GoogleUtilities/Network (~> 7.7)
    - "GoogleUtilities/NSData+zlib (~> 7.7)"
    - nanopb (~> 2.30908.0)
  - GoogleAppMeasurement/AdIdSupport (8.15.0):
    - GoogleAppMeasurement/WithoutAdIdSupport (= 8.15.0)
    - GoogleUtilities/AppDelegateSwizzler (~> 7.7)
    - GoogleUtilities/MethodSwizzler (~> 7.7)
    - GoogleUtilities/Network (~> 7.7)
    - "GoogleUtilities/NSData+zlib (~> 7.7)"
    - nanopb (~> 2.30908.0)
  - GoogleAppMeasurement/WithoutAdIdSupport (8.15.0):
    - GoogleUtilities/AppDelegateSwizzler (~> 7.7)
    - GoogleUtilities/MethodSwizzler (~> 7.7)
    - GoogleUtilities/Network (~> 7.7)
    - "GoogleUtilities/NSData+zlib (~> 7.7)"
    - nanopb (~> 2.30908.0)
  - GoogleDataTransport (9.2.3):
    - GoogleUtilities/Environment (~> 7.7)
    - nanopb (< 2.30910.0, >= 2.30908.0)
    - PromisesObjC (< 3.0, >= 1.2)
  - GoogleUtilities (7.11.1):
    - GoogleUtilities/AppDelegateSwizzler (= 7.11.1)
    - GoogleUtilities/Environment (= 7.11.1)
    - GoogleUtilities/ISASwizzler (= 7.11.1)
    - GoogleUtilities/Logger (= 7.11.1)
    - GoogleUtilities/MethodSwizzler (= 7.11.1)
    - GoogleUtilities/Network (= 7.11.1)
    - "GoogleUtilities/NSData+zlib (= 7.11.1)"
    - GoogleUtilities/Reachability (= 7.11.1)
    - GoogleUtilities/SwizzlerTestHelpers (= 7.11.1)
    - GoogleUtilities/UserDefaults (= 7.11.1)
  - GoogleUtilities/AppDelegateSwizzler (7.11.1):
    - GoogleUtilities/Environment
    - GoogleUtilities/Logger
    - GoogleUtilities/Network
  - GoogleUtilities/Environment (7.11.1):
    - PromisesObjC (< 3.0, >= 1.2)
  - GoogleUtilities/ISASwizzler (7.11.1)
  - GoogleUtilities/Logger (7.11.1):
    - GoogleUtilities/Environment
  - GoogleUtilities/MethodSwizzler (7.11.1):
    - GoogleUtilities/Logger
  - GoogleUtilities/Network (7.11.1):
    - GoogleUtilities/Logger
    - "GoogleUtilities/NSData+zlib"
    - GoogleUtilities/Reachability
  - "GoogleUtilities/NSData+zlib (7.11.1)"
  - GoogleUtilities/Reachability (7.11.1):
    - GoogleUtilities/Logger
  - GoogleUtilities/SwizzlerTestHelpers (7.11.1):
    - GoogleUtilities/MethodSwizzler
  - GoogleUtilities/UserDefaults (7.11.1):
    - GoogleUtilities/Logger
  - ImagePicker (3.2.0)
  - KLCPopup (1.0)
  - KRActivityIndicatorView (3.0.7)
  - KRProgressHUD (3.4.7):
    - KRActivityIndicatorView (= 3.0.7)
  - LinearProgressBar (1.0.2)
  - MarqueeLabel (4.3.0)
  - nanopb (2.30908.0):
    - nanopb/decode (= 2.30908.0)
    - nanopb/encode (= 2.30908.0)
  - nanopb/decode (2.30908.0)
  - nanopb/encode (2.30908.0)
  - ObjectMapper (4.2.0)
  - OpalImagePicker (2.1.2)
  - PlayerKit (2.0.0)
  - PromisesObjC (2.2.0)
  - razorpay-pod (1.3.2)
  - SDWebImage (3.8.3):
    - SDWebImage/Core (= 3.8.3)
  - SDWebImage/Core (3.8.3)
  - SVPinView (1.0.11)

DEPENDENCIES:
  - AFNetworking (~> 3.0)
  - Alamofire
  - AWSCognito
  - AWSCore
  - AWSS3
  - Crashlytics
  - DropDown
  - Fabric
  - Firebase/Analytics
  - Firebase/Core
  - Firebase/Messaging
  - FirebaseCore
  - FirebaseCoreInternal
  - FirebaseMessaging
  - FMDB
  - GoogleUtilities
  - ImagePicker (from `https://github.com/hyperoslo/ImagePicker.git`)
  - KLCPopup (~> 1.0)
  - KRProgressHUD
  - LinearProgressBar
  - MarqueeLabel
  - ObjectMapper
  - OpalImagePicker
  - PlayerKit
  - razorpay-pod
  - SDWebImage (~> 3.7)
  - SVPinView

SPEC REPOS:
  trunk:
    - AFNetworking
    - Alamofire
    - AWSCognito
    - AWSCore
    - AWSS3
    - Crashlytics
    - DropDown
    - Fabric
    - Firebase
    - FirebaseAnalytics
    - FirebaseCore
    - FirebaseCoreDiagnostics
    - FirebaseCoreInternal
    - FirebaseInstallations
    - FirebaseMessaging
    - FMDB
    - GoogleAppMeasurement
    - GoogleDataTransport
    - GoogleUtilities
    - KLCPopup
    - KRActivityIndicatorView
    - KRProgressHUD
    - LinearProgressBar
    - MarqueeLabel
    - nanopb
    - ObjectMapper
    - OpalImagePicker
    - PlayerKit
    - PromisesObjC
    - razorpay-pod
    - SDWebImage
    - SVPinView

EXTERNAL SOURCES:
  ImagePicker:
    :git: https://github.com/hyperoslo/ImagePicker.git

CHECKOUT OPTIONS:
  ImagePicker:
    :commit: d8a8f840380b9a28230c8fcad277adb458706d0a
    :git: https://github.com/hyperoslo/ImagePicker.git

SPEC CHECKSUMS:
  AFNetworking: cb604b1c2bded0871f5f61f5d53653739e841d6b
  Alamofire: 0123a34370cb170936ae79a8df46cc62b2edeb88
  AWSCognito: f50de600804941d083af37a7568905f31a774727
  AWSCore: 55c154ae27efc5c98bdc30a0eeea5a35d10a2ab5
  AWSS3: 2272253b098d07803af8dd20ce6ce7302bcffb47
  Crashlytics: 9220f5bc89e7a618df411b4f639389dbfb0e03d2
  DropDown: 8a2116376c1981888557f72ec2ffc9a5e0e456ec
  Fabric: ea977e3cd9c20425516d3dafd3bf8c941c51223f
  Firebase: 5f8193dff4b5b7c5d5ef72ae54bb76c08e2b841d
  FirebaseAnalytics: 7761cbadb00a717d8d0939363eb46041526474fa
  FirebaseCore: 5743c5785c074a794d35f2fff7ecc254a91e08b1
  FirebaseCoreDiagnostics: 92e07a649aeb66352b319d43bdd2ee3942af84cb
  FirebaseCoreInternal: d2b4acb827908e72eca47a9fd896767c3053921e
  FirebaseInstallations: 40bd9054049b2eae9a2c38ef1c3dd213df3605cd
  FirebaseMessaging: 5e5118a2383b3531e730d974680954c679ca0a13
  FMDB: 2ce00b547f966261cd18927a3ddb07cb6f3db82a
  GoogleAppMeasurement: 4c19f031220c72464d460c9daa1fb5d1acce958e
  GoogleDataTransport: f0308f5905a745f94fb91fea9c6cbaf3831cb1bd
  GoogleUtilities: 9aa0ad5a7bc171f8bae016300bfcfa3fb8425749
  ImagePicker: 1d950bbb2422548ed58791b4ec7f42fe42920511
  KLCPopup: 76c5a19227977f1e53d85236f9ef42257c168d98
  KRActivityIndicatorView: ad69e89c4ce40c986cf580595be4829dcad0e35a
  KRProgressHUD: a248f0bc6c9c2aed40a37b76e03ffecc7f85c887
  LinearProgressBar: 619d6f286b608e501f39406557f60cdab3faf910
  MarqueeLabel: 02f5ac8fd6877c94564556cb93fa86c70c08baeb
  nanopb: a0ba3315591a9ae0a16a309ee504766e90db0c96
  ObjectMapper: 1eb41f610210777375fa806bf161dc39fb832b81
  OpalImagePicker: 51cbf714f337a93c2631219f1a90389ba936077f
  PlayerKit: cacafe8ef15294e2280d002a5c71faf07947a1a9
  PromisesObjC: 09985d6d70fbe7878040aa746d78236e6946d2ef
  razorpay-pod: b129f60de5f0d0952bebfb9480a10909d4fd6b6d
  SDWebImage: a72e880a8fe0f7fc31efe15aaed443c074d2a80c
  SVPinView: 9b538d0ba68cdb092afe4f0f67ec84cbed079466

PODFILE CHECKSUM: 9b612b33a449ccce7af718610ccd7ca81e5d5b7f

COCOAPODS: 1.12.1
